
Microsoft Visual Studio Solution File, Format Version 12.00
# Visual Studio Version 16
VisualStudioVersion = 16.0.30225.117
MinimumVisualStudioVersion = 10.0.40219.1
Project("{2150E333-8FDC-42A3-9474-1A3956D46DE8}") = "LessonsFiles", "LessonsFiles", "{C68A9B1F-F7EE-4341-BEDF-8BB4B07E527A}"
EndProject
Project("{2150E333-8FDC-42A3-9474-1A3956D46DE8}") = "HomeWork", "HomeWork", "{2EF54483-40CD-4F37-9731-A2B2545521BD}"
EndProject
Project("{FAE04EC0-301F-11D3-BF4B-00C04F79EFBC}") = "MeasuringTempaturesExcercise", "HomeWork\Lesson1\MeasuringTempaturesExcercise\MeasuringTempaturesExcercise.csproj", "{5EB8DFDB-C17C-4653-B1E8-C271F120CBE4}"
EndProject
Project("{FAE04EC0-301F-11D3-BF4B-00C04F79EFBC}") = "PersonClassExc", "LessonsFiles\PersonClassExc\PersonClassExc.csproj", "{ED02431D-CF96-4EF0-AC0B-B21A8AFC87E0}"
EndProject
Project("{FAE04EC0-301F-11D3-BF4B-00C04F79EFBC}") = "FactorialExercise", "HomeWork\Lesson1\FactorialExercise\FactorialExercise.csproj", "{A7A3004F-B55E-43BB-9B9C-327A1CA9A799}"
EndProject
Project("{FAE04EC0-301F-11D3-BF4B-00C04F79EFBC}") = "RockPaperScissorsGame", "HomeWork\Lesson1\RockPaperScissorsGame\RockPaperScissorsGame.csproj", "{B6D2F333-C22E-4AC5-89C7-C5D27E3AC63C}"
EndProject
Project("{FAE04EC0-301F-11D3-BF4B-00C04F79EFBC}") = "CalculatingTheDigitsOfOddNumbers", "HomeWork\Lesson1\CalculatingTheDigitsOfOddNumbers\CalculatingTheDigitsOfOddNumbers.csproj", "{532A3CCD-43D4-4E5B-9E68-F0ADB8CBC597}"
EndProject
Project("{2150E333-8FDC-42A3-9474-1A3956D46DE8}") = "Practice", "Practice", "{63710FF2-33FD-42AD-B5DA-5112C5E03343}"
EndProject
Project("{FAE04EC0-301F-11D3-BF4B-00C04F79EFBC}") = "OOAnimals", "Practice\OOAnimals\OOAnimals.csproj", "{2863F8DF-62C2-424D-B9D9-C7D749EAF5CC}"
EndProject
Project("{FAE04EC0-301F-11D3-BF4B-00C04F79EFBC}") = "StringFormating", "LessonsFiles\StringFormating\StringFormating.csproj", "{9FDCF687-B234-4236-8301-020F5C86CE15}"
EndProject
Project("{2150E333-8FDC-42A3-9474-1A3956D46DE8}") = "Lesson1", "Lesson1", "{B627BB1C-75D3-45EB-89C1-0A71EA1CD17C}"
EndProject
Project("{2150E333-8FDC-42A3-9474-1A3956D46DE8}") = "Lesson2", "Lesson2", "{962A5DB7-F7DE-40D6-B0F8-839CA17D0C04}"
EndProject
Project("{FAE04EC0-301F-11D3-BF4B-00C04F79EFBC}") = "PreparingForChapter4", "HomeWork\Lesson2\PreparingForChapter4\PreparingForChapter4.csproj", "{CFFDCAFA-EED8-4DF1-92F3-DF3EDB3FE00E}"
EndProject
Project("{FAE04EC0-301F-11D3-BF4B-00C04F79EFBC}") = "TypeClass", "LessonsFiles\TypeClass\TypeClass.csproj", "{052FD5C9-1496-4A65-9D51-EBBA11DAE7FA}"
EndProject
Project("{FAE04EC0-301F-11D3-BF4B-00C04F79EFBC}") = "BillingSystem", "LessonsFiles\BillingSystem\BillingSystem.csproj", "{EB6DC3D8-4F0A-47C0-A029-70A235D13CC5}"
EndProject
Project("{2150E333-8FDC-42A3-9474-1A3956D46DE8}") = "Lesson4", "Lesson4", "{B74D2254-B83E-4104-8E8B-C1FF8932C4EF}"
EndProject
Project("{FAE04EC0-301F-11D3-BF4B-00C04F79EFBC}") = "ShapesExercise", "HomeWork\Lesson4\ShapesExercise\ShapesExercise.csproj", "{4B9A67E9-A469-465C-B47A-26A92726EC2C}"
EndProject
Project("{FAE04EC0-301F-11D3-BF4B-00C04F79EFBC}") = "Async", "Practice\Async\Async.csproj", "{7E9335F6-37FE-4F49-8F87-C8F3C20016BC}"
EndProject
Global
	GlobalSection(SolutionConfigurationPlatforms) = preSolution
		Debug|Any CPU = Debug|Any CPU
		Release|Any CPU = Release|Any CPU
	EndGlobalSection
	GlobalSection(ProjectConfigurationPlatforms) = postSolution
		{5EB8DFDB-C17C-4653-B1E8-C271F120CBE4}.Debug|Any CPU.ActiveCfg = Debug|Any CPU
		{5EB8DFDB-C17C-4653-B1E8-C271F120CBE4}.Debug|Any CPU.Build.0 = Debug|Any CPU
		{5EB8DFDB-C17C-4653-B1E8-C271F120CBE4}.Release|Any CPU.ActiveCfg = Release|Any CPU
		{5EB8DFDB-C17C-4653-B1E8-C271F120CBE4}.Release|Any CPU.Build.0 = Release|Any CPU
		{ED02431D-CF96-4EF0-AC0B-B21A8AFC87E0}.Debug|Any CPU.ActiveCfg = Debug|Any CPU
		{ED02431D-CF96-4EF0-AC0B-B21A8AFC87E0}.Debug|Any CPU.Build.0 = Debug|Any CPU
		{ED02431D-CF96-4EF0-AC0B-B21A8AFC87E0}.Release|Any CPU.ActiveCfg = Release|Any CPU
		{ED02431D-CF96-4EF0-AC0B-B21A8AFC87E0}.Release|Any CPU.Build.0 = Release|Any CPU
		{A7A3004F-B55E-43BB-9B9C-327A1CA9A799}.Debug|Any CPU.ActiveCfg = Debug|Any CPU
		{A7A3004F-B55E-43BB-9B9C-327A1CA9A799}.Debug|Any CPU.Build.0 = Debug|Any CPU
		{A7A3004F-B55E-43BB-9B9C-327A1CA9A799}.Release|Any CPU.ActiveCfg = Release|Any CPU
		{A7A3004F-B55E-43BB-9B9C-327A1CA9A799}.Release|Any CPU.Build.0 = Release|Any CPU
		{B6D2F333-C22E-4AC5-89C7-C5D27E3AC63C}.Debug|Any CPU.ActiveCfg = Debug|Any CPU
		{B6D2F333-C22E-4AC5-89C7-C5D27E3AC63C}.Debug|Any CPU.Build.0 = Debug|Any CPU
		{B6D2F333-C22E-4AC5-89C7-C5D27E3AC63C}.Release|Any CPU.ActiveCfg = Release|Any CPU
		{B6D2F333-C22E-4AC5-89C7-C5D27E3AC63C}.Release|Any CPU.Build.0 = Release|Any CPU
		{532A3CCD-43D4-4E5B-9E68-F0ADB8CBC597}.Debug|Any CPU.ActiveCfg = Debug|Any CPU
		{532A3CCD-43D4-4E5B-9E68-F0ADB8CBC597}.Debug|Any CPU.Build.0 = Debug|Any CPU
		{532A3CCD-43D4-4E5B-9E68-F0ADB8CBC597}.Release|Any CPU.ActiveCfg = Release|Any CPU
		{532A3CCD-43D4-4E5B-9E68-F0ADB8CBC597}.Release|Any CPU.Build.0 = Release|Any CPU
		{2863F8DF-62C2-424D-B9D9-C7D749EAF5CC}.Debug|Any CPU.ActiveCfg = Debug|Any CPU
		{2863F8DF-62C2-424D-B9D9-C7D749EAF5CC}.Debug|Any CPU.Build.0 = Debug|Any CPU
		{2863F8DF-62C2-424D-B9D9-C7D749EAF5CC}.Release|Any CPU.ActiveCfg = Release|Any CPU
		{2863F8DF-62C2-424D-B9D9-C7D749EAF5CC}.Release|Any CPU.Build.0 = Release|Any CPU
		{9FDCF687-B234-4236-8301-020F5C86CE15}.Debug|Any CPU.ActiveCfg = Debug|Any CPU
		{9FDCF687-B234-4236-8301-020F5C86CE15}.Debug|Any CPU.Build.0 = Debug|Any CPU
		{9FDCF687-B234-4236-8301-020F5C86CE15}.Release|Any CPU.ActiveCfg = Release|Any CPU
		{9FDCF687-B234-4236-8301-020F5C86CE15}.Release|Any CPU.Build.0 = Release|Any CPU
		{CFFDCAFA-EED8-4DF1-92F3-DF3EDB3FE00E}.Debug|Any CPU.ActiveCfg = Debug|Any CPU
		{CFFDCAFA-EED8-4DF1-92F3-DF3EDB3FE00E}.Debug|Any CPU.Build.0 = Debug|Any CPU
		{CFFDCAFA-EED8-4DF1-92F3-DF3EDB3FE00E}.Release|Any CPU.ActiveCfg = Release|Any CPU
		{CFFDCAFA-EED8-4DF1-92F3-DF3EDB3FE00E}.Release|Any CPU.Build.0 = Release|Any CPU
		{052FD5C9-1496-4A65-9D51-EBBA11DAE7FA}.Debug|Any CPU.ActiveCfg = Debug|Any CPU
		{052FD5C9-1496-4A65-9D51-EBBA11DAE7FA}.Debug|Any CPU.Build.0 = Debug|Any CPU
		{052FD5C9-1496-4A65-9D51-EBBA11DAE7FA}.Release|Any CPU.ActiveCfg = Release|Any CPU
		{052FD5C9-1496-4A65-9D51-EBBA11DAE7FA}.Release|Any CPU.Build.0 = Release|Any CPU
		{EB6DC3D8-4F0A-47C0-A029-70A235D13CC5}.Debug|Any CPU.ActiveCfg = Debug|Any CPU
		{EB6DC3D8-4F0A-47C0-A029-70A235D13CC5}.Debug|Any CPU.Build.0 = Debug|Any CPU
		{EB6DC3D8-4F0A-47C0-A029-70A235D13CC5}.Release|Any CPU.ActiveCfg = Release|Any CPU
		{EB6DC3D8-4F0A-47C0-A029-70A235D13CC5}.Release|Any CPU.Build.0 = Release|Any CPU
		{4B9A67E9-A469-465C-B47A-26A92726EC2C}.Debug|Any CPU.ActiveCfg = Debug|Any CPU
		{4B9A67E9-A469-465C-B47A-26A92726EC2C}.Debug|Any CPU.Build.0 = Debug|Any CPU
		{4B9A67E9-A469-465C-B47A-26A92726EC2C}.Release|Any CPU.ActiveCfg = Release|Any CPU
		{4B9A67E9-A469-465C-B47A-26A92726EC2C}.Release|Any CPU.Build.0 = Release|Any CPU
		{7E9335F6-37FE-4F49-8F87-C8F3C20016BC}.Debug|Any CPU.ActiveCfg = Debug|Any CPU
		{7E9335F6-37FE-4F49-8F87-C8F3C20016BC}.Debug|Any CPU.Build.0 = Debug|Any CPU
		{7E9335F6-37FE-4F49-8F87-C8F3C20016BC}.Release|Any CPU.ActiveCfg = Release|Any CPU
		{7E9335F6-37FE-4F49-8F87-C8F3C20016BC}.Release|Any CPU.Build.0 = Release|Any CPU
	EndGlobalSection
	GlobalSection(SolutionProperties) = preSolution
		HideSolutionNode = FALSE
	EndGlobalSection
	GlobalSection(NestedProjects) = preSolution
		{5EB8DFDB-C17C-4653-B1E8-C271F120CBE4} = {B627BB1C-75D3-45EB-89C1-0A71EA1CD17C}
		{ED02431D-CF96-4EF0-AC0B-B21A8AFC87E0} = {C68A9B1F-F7EE-4341-BEDF-8BB4B07E527A}
		{A7A3004F-B55E-43BB-9B9C-327A1CA9A799} = {B627BB1C-75D3-45EB-89C1-0A71EA1CD17C}
		{B6D2F333-C22E-4AC5-89C7-C5D27E3AC63C} = {B627BB1C-75D3-45EB-89C1-0A71EA1CD17C}
		{532A3CCD-43D4-4E5B-9E68-F0ADB8CBC597} = {B627BB1C-75D3-45EB-89C1-0A71EA1CD17C}
		{2863F8DF-62C2-424D-B9D9-C7D749EAF5CC} = {63710FF2-33FD-42AD-B5DA-5112C5E03343}
		{9FDCF687-B234-4236-8301-020F5C86CE15} = {C68A9B1F-F7EE-4341-BEDF-8BB4B07E527A}
		{B627BB1C-75D3-45EB-89C1-0A71EA1CD17C} = {2EF54483-40CD-4F37-9731-A2B2545521BD}
		{962A5DB7-F7DE-40D6-B0F8-839CA17D0C04} = {2EF54483-40CD-4F37-9731-A2B2545521BD}
		{CFFDCAFA-EED8-4DF1-92F3-DF3EDB3FE00E} = {962A5DB7-F7DE-40D6-B0F8-839CA17D0C04}
		{052FD5C9-1496-4A65-9D51-EBBA11DAE7FA} = {C68A9B1F-F7EE-4341-BEDF-8BB4B07E527A}
		{EB6DC3D8-4F0A-47C0-A029-70A235D13CC5} = {C68A9B1F-F7EE-4341-BEDF-8BB4B07E527A}
		{B74D2254-B83E-4104-8E8B-C1FF8932C4EF} = {2EF54483-40CD-4F37-9731-A2B2545521BD}
		{4B9A67E9-A469-465C-B47A-26A92726EC2C} = {B74D2254-B83E-4104-8E8B-C1FF8932C4EF}
		{7E9335F6-37FE-4F49-8F87-C8F3C20016BC} = {63710FF2-33FD-42AD-B5DA-5112C5E03343}
	EndGlobalSection
	GlobalSection(ExtensibilityGlobals) = postSolution
		SolutionGuid = {9B659EE0-8295-4F2C-993B-B01FD2B56752}
	EndGlobalSection
EndGlobal
